
Microsoft Visual Studio Solution File, Format Version 12.00
# Visual Studio Version 17
VisualStudioVersion = 17.4.33213.308
MinimumVisualStudioVersion = 10.0.40219.1
Project("{9A19103F-16F7-4668-BE54-9A1E7A4F7556}") = "TaskManagement.Model", "PM.Model\TaskManagement.Model.csproj", "{31355E86-E217-4599-BC37-1235F0E731DD}"
EndProject
Project("{9A19103F-16F7-4668-BE54-9A1E7A4F7556}") = "TaskManagement.DataAccess", "PM.DataAccess\TaskManagement.DataAccess.csproj", "{15678FB9-C665-4779-B3D4-E964DD856941}"
EndProject
Project("{9A19103F-16F7-4668-BE54-9A1E7A4F7556}") = "TaskManagement.Business", "PM.Business\TaskManagement.Business.csproj", "{7A2ED3C3-FBA9-44ED-BA4B-15E351576B5F}"
EndProject
Project("{9A19103F-16F7-4668-BE54-9A1E7A4F7556}") = "Infrastructure", "Infrastructure\Infrastructure.csproj", "{89CF67ED-4212-4957-A3EB-3800D2C1DFCA}"
EndProject
Project("{9A19103F-16F7-4668-BE54-9A1E7A4F7556}") = "TaskManagement.WebAPI", "PM.WebAPI\TaskManagement.WebAPI.csproj", "{6C372B8E-5EB9-413A-928C-C3DDB25C3DBB}"
EndProject
Global
	GlobalSection(SolutionConfigurationPlatforms) = preSolution
		Debug|Any CPU = Debug|Any CPU
		Release|Any CPU = Release|Any CPU
	EndGlobalSection
	GlobalSection(ProjectConfigurationPlatforms) = postSolution
		{31355E86-E217-4599-BC37-1235F0E731DD}.Debug|Any CPU.ActiveCfg = Debug|Any CPU
		{31355E86-E217-4599-BC37-1235F0E731DD}.Debug|Any CPU.Build.0 = Debug|Any CPU
		{31355E86-E217-4599-BC37-1235F0E731DD}.Release|Any CPU.ActiveCfg = Release|Any CPU
		{31355E86-E217-4599-BC37-1235F0E731DD}.Release|Any CPU.Build.0 = Release|Any CPU
		{15678FB9-C665-4779-B3D4-E964DD856941}.Debug|Any CPU.ActiveCfg = Debug|Any CPU
		{15678FB9-C665-4779-B3D4-E964DD856941}.Debug|Any CPU.Build.0 = Debug|Any CPU
		{15678FB9-C665-4779-B3D4-E964DD856941}.Release|Any CPU.ActiveCfg = Release|Any CPU
		{15678FB9-C665-4779-B3D4-E964DD856941}.Release|Any CPU.Build.0 = Release|Any CPU
		{7A2ED3C3-FBA9-44ED-BA4B-15E351576B5F}.Debug|Any CPU.ActiveCfg = Debug|Any CPU
		{7A2ED3C3-FBA9-44ED-BA4B-15E351576B5F}.Debug|Any CPU.Build.0 = Debug|Any CPU
		{7A2ED3C3-FBA9-44ED-BA4B-15E351576B5F}.Release|Any CPU.ActiveCfg = Release|Any CPU
		{7A2ED3C3-FBA9-44ED-BA4B-15E351576B5F}.Release|Any CPU.Build.0 = Release|Any CPU
		{89CF67ED-4212-4957-A3EB-3800D2C1DFCA}.Debug|Any CPU.ActiveCfg = Debug|Any CPU
		{89CF67ED-4212-4957-A3EB-3800D2C1DFCA}.Debug|Any CPU.Build.0 = Debug|Any CPU
		{89CF67ED-4212-4957-A3EB-3800D2C1DFCA}.Release|Any CPU.ActiveCfg = Release|Any CPU
		{89CF67ED-4212-4957-A3EB-3800D2C1DFCA}.Release|Any CPU.Build.0 = Release|Any CPU
		{6C372B8E-5EB9-413A-928C-C3DDB25C3DBB}.Debug|Any CPU.ActiveCfg = Debug|Any CPU
		{6C372B8E-5EB9-413A-928C-C3DDB25C3DBB}.Debug|Any CPU.Build.0 = Debug|Any CPU
		{6C372B8E-5EB9-413A-928C-C3DDB25C3DBB}.Release|Any CPU.ActiveCfg = Release|Any CPU
		{6C372B8E-5EB9-413A-928C-C3DDB25C3DBB}.Release|Any CPU.Build.0 = Release|Any CPU
	EndGlobalSection
	GlobalSection(SolutionProperties) = preSolution
		HideSolutionNode = FALSE
	EndGlobalSection
	GlobalSection(ExtensibilityGlobals) = postSolution
		SolutionGuid = {2388A52D-77B9-4CE2-8F00-E18542F12646}
	EndGlobalSection
EndGlobal
